// !$*UTF8*$!
{
	archiveVersion = 1;
	classes = {
	};
	objectVersion = 42;
	objects = {

/* Begin PBXBuildFile section */
		7D198EC91121939F00120F51 /* main.cpp in Sources */ = {isa = PBXBuildFile; fileRef = 7D198EBC1121939F00120F51 /* main.cpp */; };
		7D198ECB1121939F00120F51 /* matrix.cpp in Sources */ = {isa = PBXBuildFile; fileRef = 7D198EBE1121939F00120F51 /* matrix.cpp */; };
		7D198ECC1121939F00120F51 /* normalizemap.cpp in Sources */ = {isa = PBXBuildFile; fileRef = 7D198EC01121939F00120F51 /* normalizemap.cpp */; };
		7D198ECD1121939F00120F51 /* normalmap.cpp in Sources */ = {isa = PBXBuildFile; fileRef = 7D198EC21121939F00120F51 /* normalmap.cpp */; };
		7D198ECE1121939F00120F51 /* sphere.cpp in Sources */ = {isa = PBXBuildFile; fileRef = 7D198EC41121939F00120F51 /* sphere.cpp */; };
		7D198ED01121939F00120F51 /* trackball.cpp in Sources */ = {isa = PBXBuildFile; fileRef = 7D198EC71121939F00120F51 /* trackball.cpp */; };
		7D198EE61121948900120F51 /* dotbump.raw in Resources */ = {isa = PBXBuildFile; fileRef = 7D198EE51121947800120F51 /* dotbump.raw */; };
		7D7373310FEC8CAF00CD26D5 /* GLUT.framework in Frameworks */ = {isa = PBXBuildFile; fileRef = 7D7373300FEC8CAF00CD26D5 /* GLUT.framework */; };
		7D7373350FEC8CBA00CD26D5 /* OpenGL.framework in Frameworks */ = {isa = PBXBuildFile; fileRef = 7D7373340FEC8CBA00CD26D5 /* OpenGL.framework */; };
/* End PBXBuildFile section */

/* Begin PBXFileReference section */
		7D198EBC1121939F00120F51 /* main.cpp */ = {isa = PBXFileReference; fileEncoding = 4; lastKnownFileType = sourcecode.cpp.cpp; path = main.cpp; sourceTree = "<group>"; };
		7D198EBE1121939F00120F51 /* matrix.cpp */ = {isa = PBXFileReference; fileEncoding = 4; lastKnownFileType = sourcecode.cpp.cpp; path = matrix.cpp; sourceTree = "<group>"; };
		7D198EBF1121939F00120F51 /* matrix.h */ = {isa = PBXFileReference; fileEncoding = 4; lastKnownFileType = sourcecode.c.h; path = matrix.h; sourceTree = "<group>"; };
		7D198EC01121939F00120F51 /* normalizemap.cpp */ = {isa = PBXFileReference; fileEncoding = 4; lastKnownFileType = sourcecode.cpp.cpp; path = normalizemap.cpp; sourceTree = "<group>"; };
		7D198EC11121939F00120F51 /* normalizemap.h */ = {isa = PBXFileReference; fileEncoding = 4; lastKnownFileType = sourcecode.c.h; path = normalizemap.h; sourceTree = "<group>"; };
		7D198EC21121939F00120F51 /* normalmap.cpp */ = {isa = PBXFileReference; fileEncoding = 4; lastKnownFileType = sourcecode.cpp.cpp; path = normalmap.cpp; sourceTree = "<group>"; };
		7D198EC31121939F00120F51 /* normalmap.h */ = {isa = PBXFileReference; fileEncoding = 4; lastKnownFileType = sourcecode.c.h; path = normalmap.h; sourceTree = "<group>"; };
		7D198EC41121939F00120F51 /* sphere.cpp */ = {isa = PBXFileReference; fileEncoding = 4; lastKnownFileType = sourcecode.cpp.cpp; path = sphere.cpp; sourceTree = "<group>"; };
		7D198EC51121939F00120F51 /* sphere.h */ = {isa = PBXFileReference; fileEncoding = 4; lastKnownFileType = sourcecode.c.h; path = sphere.h; sourceTree = "<group>"; };
		7D198EC71121939F00120F51 /* trackball.cpp */ = {isa = PBXFileReference; fileEncoding = 4; lastKnownFileType = sourcecode.cpp.cpp; path = trackball.cpp; sourceTree = "<group>"; };
		7D198EC81121939F00120F51 /* trackball.h */ = {isa = PBXFileReference; fileEncoding = 4; lastKnownFileType = sourcecode.c.h; path = trackball.h; sourceTree = "<group>"; };
		7D198EE51121947800120F51 /* dotbump.raw */ = {isa = PBXFileReference; fileEncoding = 4; lastKnownFileType = text; path = dotbump.raw; sourceTree = "<group>"; };
		7D7373290FEC860400CD26D5 /* texture21.app */ = {isa = PBXFileReference; explicitFileType = wrapper.application; includeInIndex = 0; path = texture21.app; sourceTree = BUILT_PRODUCTS_DIR; };
		7D73732C0FEC860400CD26D5 /* Info.plist */ = {isa = PBXFileReference; lastKnownFileType = text.plist.xml; path = Info.plist; sourceTree = "<group>"; };
		7D7373300FEC8CAF00CD26D5 /* GLUT.framework */ = {isa = PBXFileReference; lastKnownFileType = wrapper.framework; name = GLUT.framework; path = /System/Library/Frameworks/GLUT.framework; sourceTree = "<absolute>"; };
		7D7373340FEC8CBA00CD26D5 /* OpenGL.framework */ = {isa = PBXFileReference; lastKnownFileType = wrapper.framework; name = OpenGL.framework; path = /System/Library/Frameworks/OpenGL.framework; sourceTree = "<absolute>"; };
/* End PBXFileReference section */

/* Begin PBXFrameworksBuildPhase section */
		7D7373270FEC860400CD26D5 /* Frameworks */ = {
			isa = PBXFrameworksBuildPhase;
			buildActionMask = 2147483647;
			files = (
				7D7373310FEC8CAF00CD26D5 /* GLUT.framework in Frameworks */,
				7D7373350FEC8CBA00CD26D5 /* OpenGL.framework in Frameworks */,
			);
			runOnlyForDeploymentPostprocessing = 0;
		};
/* End PBXFrameworksBuildPhase section */

/* Begin PBXGroup section */
		7D73731A0FEC85D400CD26D5 = {
			isa = PBXGroup;
			children = (
				7D198EE51121947800120F51 /* dotbump.raw */,
				7D198EBC1121939F00120F51 /* main.cpp */,
				7D198EBE1121939F00120F51 /* matrix.cpp */,
				7D198EBF1121939F00120F51 /* matrix.h */,
				7D198EC01121939F00120F51 /* normalizemap.cpp */,
				7D198EC11121939F00120F51 /* normalizemap.h */,
				7D198EC21121939F00120F51 /* normalmap.cpp */,
				7D198EC31121939F00120F51 /* normalmap.h */,
				7D198EC41121939F00120F51 /* sphere.cpp */,
				7D198EC51121939F00120F51 /* sphere.h */,
				7D198EC71121939F00120F51 /* trackball.cpp */,
				7D198EC81121939F00120F51 /* trackball.h */,
				7D7373340FEC8CBA00CD26D5 /* OpenGL.framework */,
				7D7373300FEC8CAF00CD26D5 /* GLUT.framework */,
				7D73732A0FEC860400CD26D5 /* Products */,
				7D73732C0FEC860400CD26D5 /* Info.plist */,
			);
			sourceTree = "<group>";
		};
		7D73732A0FEC860400CD26D5 /* Products */ = {
			isa = PBXGroup;
			children = (
				7D7373290FEC860400CD26D5 /* texture21.app */,
			);
			name = Products;
			sourceTree = "<group>";
		};
/* End PBXGroup section */

/* Begin PBXNativeTarget section */
		7D7373280FEC860400CD26D5 /* texture21 */ = {
			isa = PBXNativeTarget;
			buildConfigurationList = 7D73732F0FEC860500CD26D5 /* Build configuration list for PBXNativeTarget "texture21" */;
			buildPhases = (
				7D7373250FEC860400CD26D5 /* Resources */,
				7D7373260FEC860400CD26D5 /* Sources */,
				7D7373270FEC860400CD26D5 /* Frameworks */,
			);
			buildRules = (
			);
			dependencies = (
			);
			name = texture21;
			productName = texture21;
			productReference = 7D7373290FEC860400CD26D5 /* texture21.app */;
			productType = "com.apple.product-type.application";
		};
/* End PBXNativeTarget section */

/* Begin PBXProject section */
		7D73731C0FEC85D400CD26D5 /* Project object */ = {
			isa = PBXProject;
			buildConfigurationList = 7D73731F0FEC85D400CD26D5 /* Build configuration list for PBXProject "texture21" */;
			compatibilityVersion = "Xcode 2.4";
			developmentRegion = English;
			hasScannedForEncodings = 0;
			knownRegions = (
				English,
				Japanese,
				French,
				German,
			);
			mainGroup = 7D73731A0FEC85D400CD26D5;
			productRefGroup = 7D73732A0FEC860400CD26D5 /* Products */;
			projectDirPath = "";
			projectRoot = "";
			targets = (
				7D7373280FEC860400CD26D5 /* texture21 */,
			);
		};
/* End PBXProject section */

/* Begin PBXResourcesBuildPhase section */
		7D7373250FEC860400CD26D5 /* Resources */ = {
			isa = PBXResourcesBuildPhase;
			buildActionMask = 2147483647;
			files = (
				7D198EE61121948900120F51 /* dotbump.raw in Resources */,
			);
			runOnlyForDeploymentPostprocessing = 0;
		};
/* End PBXResourcesBuildPhase section */

/* Begin PBXSourcesBuildPhase section */
		7D7373260FEC860400CD26D5 /* Sources */ = {
			isa = PBXSourcesBuildPhase;
			buildActionMask = 2147483647;
			files = (
				7D198EC91121939F00120F51 /* main.cpp in Sources */,
				7D198ECB1121939F00120F51 /* matrix.cpp in Sources */,
				7D198ECC1121939F00120F51 /* normalizemap.cpp in Sources */,
				7D198ECD1121939F00120F51 /* normalmap.cpp in Sources */,
				7D198ECE1121939F00120F51 /* sphere.cpp in Sources */,
				7D198ED01121939F00120F51 /* trackball.cpp in Sources */,
			);
			runOnlyForDeploymentPostprocessing = 0;
		};
/* End PBXSourcesBuildPhase section */

/* Begin XCBuildConfiguration section */
		7D73731D0FEC85D400CD26D5 /* Debug */ = {
			isa = XCBuildConfiguration;
			buildSettings = {
				COPY_PHASE_STRIP = NO;
			};
			name = Debug;
		};
		7D73731E0FEC85D400CD26D5 /* Release */ = {
			isa = XCBuildConfiguration;
			buildSettings = {
				COPY_PHASE_STRIP = YES;
			};
			name = Release;
		};
		7D73732D0FEC860500CD26D5 /* Debug */ = {
			isa = XCBuildConfiguration;
			buildSettings = {
				ALWAYS_SEARCH_USER_PATHS = NO;
				COPY_PHASE_STRIP = NO;
				GCC_PRECOMPILE_PREFIX_HEADER = YES;
				INFOPLIST_FILE = Info.plist;
				INSTALL_PATH = "$(HOME)/Applications";
				OTHER_LDFLAGS = "";
				PREBINDING = NO;
				PRODUCT_NAME = texture21;
			};
			name = Debug;
		};
		7D73732E0FEC860500CD26D5 /* Release */ = {
			isa = XCBuildConfiguration;
			buildSettings = {
				ALWAYS_SEARCH_USER_PATHS = NO;
				COPY_PHASE_STRIP = YES;
				DEBUG_INFORMATION_FORMAT = "dwarf-with-dsym";
				GCC_ENABLE_FIX_AND_CONTINUE = NO;
				GCC_PRECOMPILE_PREFIX_HEADER = YES;
				INFOPLIST_FILE = Info.plist;
				INSTALL_PATH = "$(HOME)/Applications";
				OTHER_LDFLAGS = "";
				PREBINDING = NO;
				PRODUCT_NAME = texture21;
				ZERO_LINK = NO;
			};
			name = Release;
		};
/* End XCBuildConfiguration section */

/* Begin XCConfigurationList section */
		7D73731F0FEC85D400CD26D5 /* Build configuration list for PBXProject "texture21" */ = {
			isa = XCConfigurationList;
			buildConfigurations = (
				7D73731D0FEC85D400CD26D5 /* Debug */,
				7D73731E0FEC85D400CD26D5 /* Release */,
			);
			defaultConfigurationIsVisible = 0;
			defaultConfigurationName = Release;
		};
		7D73732F0FEC860500CD26D5 /* Build configuration list for PBXNativeTarget "texture21" */ = {
			isa = XCConfigurationList;
			buildConfigurations = (
				7D73732D0FEC860500CD26D5 /* Debug */,
				7D73732E0FEC860500CD26D5 /* Release */,
			);
			defaultConfigurationIsVisible = 0;
			defaultConfigurationName = Release;
		};
/* End XCConfigurationList section */
	};
	rootObject = 7D73731C0FEC85D400CD26D5 /* Project object */;
}
